
Microsoft Visual Studio Solution File, Format Version 12.00
# Visual Studio Version 17
VisualStudioVersion = 17.8.34316.72
MinimumVisualStudioVersion = 10.0.40219.1
Project("{FAE04EC0-301F-11D3-BF4B-00C04F79EFBC}") = "ControleStructuren-6---Faculteit", "ControleStructuren-6---Faculteit\ControleStructuren-6---Faculteit.csproj", "{4AF59C93-3F88-414B-9873-1E1368393680}"
EndProject
Global
	GlobalSection(SolutionConfigurationPlatforms) = preSolution
		Debug|Any CPU = Debug|Any CPU
		Release|Any CPU = Release|Any CPU
	EndGlobalSection
	GlobalSection(ProjectConfigurationPlatforms) = postSolution
		{4AF59C93-3F88-414B-9873-1E1368393680}.Debug|Any CPU.ActiveCfg = Debug|Any CPU
		{4AF59C93-3F88-414B-9873-1E1368393680}.Debug|Any CPU.Build.0 = Debug|Any CPU
		{4AF59C93-3F88-414B-9873-1E1368393680}.Release|Any CPU.ActiveCfg = Release|Any CPU
		{4AF59C93-3F88-414B-9873-1E1368393680}.Release|Any CPU.Build.0 = Release|Any CPU
	EndGlobalSection
	GlobalSection(SolutionProperties) = preSolution
		HideSolutionNode = FALSE
	EndGlobalSection
	GlobalSection(ExtensibilityGlobals) = postSolution
		SolutionGuid = {825AEAB8-67D1-4818-9487-BC7D6ED74132}
	EndGlobalSection
EndGlobal
